# THIS IS AN AUTOGENERATED FILE. DO NOT EDIT THIS FILE DIRECTLY.
# yarn lockfile v1


living-mile-high-lib@1.0.4:
  version "1.0.4"
  resolved "https://registry.yarnpkg.com/living-mile-high-lib/-/living-mile-high-lib-1.0.4.tgz#dd98592e42a339761be202b6cdfc443a9c2f1d21"
  integrity sha512-ROQo0LRmbRmZumdmtIdaHXAntL2DIzIpMl/kPpgwi8Vm/VquQxTBnRg+mj21WqAdrZQMEuVL+/DPboolU1w+3g==

living-mile-high-lib@1.0.6:
  version "1.0.6"
  resolved "https://registry.yarnpkg.com/living-mile-high-lib/-/living-mile-high-lib-1.0.6.tgz#207d1f0dc357270731aded4c9f0633eddd4b3b2c"
  integrity sha512-y5s+H+PLnr8+PQoy02WcnyUX1fF6tUvGkkYRDP2olYfmAnqc0dMm4gOfuFxgnrEAYppt9vmfi9H6VvuGXmqIQQ==
  dependencies:
    living-mile-high-lib "1.0.4"

living-mile-high-lib@1.0.8:
  version "1.0.8"
  resolved "https://registry.yarnpkg.com/living-mile-high-lib/-/living-mile-high-lib-1.0.8.tgz#586c327284b07eec59c06d6ada85dd0cb7176b90"
  integrity sha512-Cl6OkWUEKXP9XZxUJkPllcHib6D2efBQHwBigxSBBn6prqHA+HV03Yyg6wiqtihA5MYmAQ9UqgL8Q2d0gjZurg==
  dependencies:
    living-mile-high-lib "1.0.6"

typescript@^4.0.0:
  version "4.9.5"
  resolved "https://registry.yarnpkg.com/typescript/-/typescript-4.9.5.tgz#095979f9bcc0d09da324d58d03ce8f8374cbe65a"
  integrity sha512-1FXk9E2Hm+QzZQ7z+McJiHL4NW1F2EzMu9Nq9i3zAaGqibafqYwCVU6WyWAuyQRRzOlxou8xZSyXLEN8oKj24g==
